# This file is automatically @generated by Poetry 1.5.4 and should not be changed by hand.

[[package]]
name = "west-map"
version = "2.2"
description = "current release"
optional = false
python-versions = "*"
files = [
    {file = "west_map-2.2.tar.gz", hash = "sha256:446859039faecb68d457c51fd56b2e43f1aab8018f81d21e90ccada6794822d5"},
]

[metadata]
lock-version = "2.0"
python-versions = ">=3.10.0,<3.11"
content-hash = "1dfed66f9cec98e1c9cc2d4c69319290fe873cfb2c3d1790b53faa0072ef4610"
